// !$*UTF8*$!
{
	archiveVersion = 1;
	classes = {
	};
	objectVersion = 50;
	objects = {

/* Begin PBXBuildFile section */
		726C3B3023FF69E0004B5FEC /* AppDelegate.swift in Sources */ = {isa = PBXBuildFile; fileRef = 726C3B2F23FF69E0004B5FEC /* AppDelegate.swift */; };
		726C3B3223FF69E0004B5FEC /* SceneDelegate.swift in Sources */ = {isa = PBXBuildFile; fileRef = 726C3B3123FF69E0004B5FEC /* SceneDelegate.swift */; };
		726C3B3423FF69E0004B5FEC /* ViewController.swift in Sources */ = {isa = PBXBuildFile; fileRef = 726C3B3323FF69E0004B5FEC /* ViewController.swift */; };
		726C3B3723FF69E0004B5FEC /* Main.storyboard in Resources */ = {isa = PBXBuildFile; fileRef = 726C3B3523FF69E0004B5FEC /* Main.storyboard */; };
		726C3B3A23FF69E0004B5FEC /* ReferenceCodeProject.xcdatamodeld in Sources */ = {isa = PBXBuildFile; fileRef = 726C3B3823FF69E0004B5FEC /* ReferenceCodeProject.xcdatamodeld */; };
		726C3B3C23FF69E1004B5FEC /* Assets.xcassets in Resources */ = {isa = PBXBuildFile; fileRef = 726C3B3B23FF69E1004B5FEC /* Assets.xcassets */; };
		726C3B3F23FF69E1004B5FEC /* LaunchScreen.storyboard in Resources */ = {isa = PBXBuildFile; fileRef = 726C3B3D23FF69E1004B5FEC /* LaunchScreen.storyboard */; };
/* End PBXBuildFile section */

/* Begin PBXFileReference section */
		726C3B2C23FF69E0004B5FEC /* ReferenceCodeProject.app */ = {isa = PBXFileReference; explicitFileType = wrapper.application; includeInIndex = 0; path = ReferenceCodeProject.app; sourceTree = BUILT_PRODUCTS_DIR; };
		726C3B2F23FF69E0004B5FEC /* AppDelegate.swift */ = {isa = PBXFileReference; lastKnownFileType = sourcecode.swift; path = AppDelegate.swift; sourceTree = "<group>"; };
		726C3B3123FF69E0004B5FEC /* SceneDelegate.swift */ = {isa = PBXFileReference; lastKnownFileType = sourcecode.swift; path = SceneDelegate.swift; sourceTree = "<group>"; };
		726C3B3323FF69E0004B5FEC /* ViewController.swift */ = {isa = PBXFileReference; lastKnownFileType = sourcecode.swift; path = ViewController.swift; sourceTree = "<group>"; };
		726C3B3623FF69E0004B5FEC /* Base */ = {isa = PBXFileReference; lastKnownFileType = file.storyboard; name = Base; path = Base.lproj/Main.storyboard; sourceTree = "<group>"; };
		726C3B3923FF69E0004B5FEC /* ReferenceCodeProject.xcdatamodel */ = {isa = PBXFileReference; lastKnownFileType = wrapper.xcdatamodel; path = ReferenceCodeProject.xcdatamodel; sourceTree = "<group>"; };
		726C3B3B23FF69E1004B5FEC /* Assets.xcassets */ = {isa = PBXFileReference; lastKnownFileType = folder.assetcatalog; path = Assets.xcassets; sourceTree = "<group>"; };
		726C3B3E23FF69E1004B5FEC /* Base */ = {isa = PBXFileReference; lastKnownFileType = file.storyboard; name = Base; path = Base.lproj/LaunchScreen.storyboard; sourceTree = "<group>"; };
		726C3B4023FF69E1004B5FEC /* Info.plist */ = {isa = PBXFileReference; lastKnownFileType = text.plist.xml; path = Info.plist; sourceTree = "<group>"; };
/* End PBXFileReference section */

/* Begin PBXFrameworksBuildPhase section */
		726C3B2923FF69E0004B5FEC /* Frameworks */ = {
			isa = PBXFrameworksBuildPhase;
			buildActionMask = 2147483647;
			files = (
			);
			runOnlyForDeploymentPostprocessing = 0;
		};
/* End PBXFrameworksBuildPhase section */

/* Begin PBXGroup section */
		726C3B2323FF69E0004B5FEC = {
			isa = PBXGroup;
			children = (
				726C3B2E23FF69E0004B5FEC /* ReferenceCodeProject */,
				726C3B2D23FF69E0004B5FEC /* Products */,
			);
			sourceTree = "<group>";
		};
		726C3B2D23FF69E0004B5FEC /* Products */ = {
			isa = PBXGroup;
			children = (
				726C3B2C23FF69E0004B5FEC /* ReferenceCodeProject.app */,
			);
			name = Products;
			sourceTree = "<group>";
		};
		726C3B2E23FF69E0004B5FEC /* ReferenceCodeProject */ = {
			isa = PBXGroup;
			children = (
				726C3B2F23FF69E0004B5FEC /* AppDelegate.swift */,
				726C3B3123FF69E0004B5FEC /* SceneDelegate.swift */,
				726C3B3323FF69E0004B5FEC /* ViewController.swift */,
				726C3B3523FF69E0004B5FEC /* Main.storyboard */,
				726C3B3B23FF69E1004B5FEC /* Assets.xcassets */,
				726C3B3D23FF69E1004B5FEC /* LaunchScreen.storyboard */,
				726C3B4023FF69E1004B5FEC /* Info.plist */,
				726C3B3823FF69E0004B5FEC /* ReferenceCodeProject.xcdatamodeld */,
			);
			path = ReferenceCodeProject;
			sourceTree = "<group>";
		};
/* End PBXGroup section */

/* Begin PBXNativeTarget section */
		726C3B2B23FF69E0004B5FEC /* ReferenceCodeProject */ = {
			isa = PBXNativeTarget;
			buildConfigurationList = 726C3B4323FF69E1004B5FEC /* Build configuration list for PBXNativeTarget "ReferenceCodeProject" */;
			buildPhases = (
				726C3B2823FF69E0004B5FEC /* Sources */,
				726C3B2923FF69E0004B5FEC /* Frameworks */,
				726C3B2A23FF69E0004B5FEC /* Resources */,
			);
			buildRules = (
			);
			dependencies = (
			);
			name = ReferenceCodeProject;
			productName = ReferenceCodeProject;
			productReference = 726C3B2C23FF69E0004B5FEC /* ReferenceCodeProject.app */;
			productType = "com.apple.product-type.application";
		};
/* End PBXNativeTarget section */

/* Begin PBXProject section */
		726C3B2423FF69E0004B5FEC /* Project object */ = {
			isa = PBXProject;
			attributes = {
				LastSwiftUpdateCheck = 1130;
				LastUpgradeCheck = 1130;
				ORGANIZATIONNAME = "Chris Gonzales";
				TargetAttributes = {
					726C3B2B23FF69E0004B5FEC = {
						CreatedOnToolsVersion = 11.3.1;
					};
				};
			};
			buildConfigurationList = 726C3B2723FF69E0004B5FEC /* Build configuration list for PBXProject "ReferenceCodeProject" */;
			compatibilityVersion = "Xcode 9.3";
			developmentRegion = en;
			hasScannedForEncodings = 0;
			knownRegions = (
				en,
				Base,
			);
			mainGroup = 726C3B2323FF69E0004B5FEC;
			productRefGroup = 726C3B2D23FF69E0004B5FEC /* Products */;
			projectDirPath = "";
			projectRoot = "";
			targets = (
				726C3B2B23FF69E0004B5FEC /* ReferenceCodeProject */,
			);
		};
/* End PBXProject section */

/* Begin PBXResourcesBuildPhase section */
		726C3B2A23FF69E0004B5FEC /* Resources */ = {
			isa = PBXResourcesBuildPhase;
			buildActionMask = 2147483647;
			files = (
				726C3B3F23FF69E1004B5FEC /* LaunchScreen.storyboard in Resources */,
				726C3B3C23FF69E1004B5FEC /* Assets.xcassets in Resources */,
				726C3B3723FF69E0004B5FEC /* Main.storyboard in Resources */,
			);
			runOnlyForDeploymentPostprocessing = 0;
		};
/* End PBXResourcesBuildPhase section */

/* Begin PBXSourcesBuildPhase section */
		726C3B2823FF69E0004B5FEC /* Sources */ = {
			isa = PBXSourcesBuildPhase;
			buildActionMask = 2147483647;
			files = (
				726C3B3423FF69E0004B5FEC /* ViewController.swift in Sources */,
				726C3B3023FF69E0004B5FEC /* AppDelegate.swift in Sources */,
				726C3B3A23FF69E0004B5FEC /* ReferenceCodeProject.xcdatamodeld in Sources */,
				726C3B3223FF69E0004B5FEC /* SceneDelegate.swift in Sources */,
			);
			runOnlyForDeploymentPostprocessing = 0;
		};
/* End PBXSourcesBuildPhase section */

/* Begin PBXVariantGroup section */
		726C3B3523FF69E0004B5FEC /* Main.storyboard */ = {
			isa = PBXVariantGroup;
			children = (
				726C3B3623FF69E0004B5FEC /* Base */,
			);
			name = Main.storyboard;
			sourceTree = "<group>";
		};
		726C3B3D23FF69E1004B5FEC /* LaunchScreen.storyboard */ = {
			isa = PBXVariantGroup;
			children = (
				726C3B3E23FF69E1004B5FEC /* Base */,
			);
			name = LaunchScreen.storyboard;
			sourceTree = "<group>";
		};
/* End PBXVariantGroup section */

/* Begin XCBuildConfiguration section */
		726C3B4123FF69E1004B5FEC /* Debug */ = {
			isa = XCBuildConfiguration;
			buildSettings = {
				ALWAYS_SEARCH_USER_PATHS = NO;
				CLANG_ANALYZER_NONNULL = YES;
				CLANG_ANALYZER_NUMBER_OBJECT_CONVERSION = YES_AGGRESSIVE;
				CLANG_CXX_LANGUAGE_STANDARD = "gnu++14";
				CLANG_CXX_LIBRARY = "libc++";
				CLANG_ENABLE_MODULES = YES;
				CLANG_ENABLE_OBJC_ARC = YES;
				CLANG_ENABLE_OBJC_WEAK = YES;
				CLANG_WARN_BLOCK_CAPTURE_AUTORELEASING = YES;
				CLANG_WARN_BOOL_CONVERSION = YES;
				CLANG_WARN_COMMA = YES;
				CLANG_WARN_CONSTANT_CONVERSION = YES;
				CLANG_WARN_DEPRECATED_OBJC_IMPLEMENTATIONS = YES;
				CLANG_WARN_DIRECT_OBJC_ISA_USAGE = YES_ERROR;
				CLANG_WARN_DOCUMENTATION_COMMENTS = YES;
				CLANG_WARN_EMPTY_BODY = YES;
				CLANG_WARN_ENUM_CONVERSION = YES;
				CLANG_WARN_INFINITE_RECURSION = YES;
				CLANG_WARN_INT_CONVERSION = YES;
				CLANG_WARN_NON_LITERAL_NULL_CONVERSION = YES;
				CLANG_WARN_OBJC_IMPLICIT_RETAIN_SELF = YES;
				CLANG_WARN_OBJC_LITERAL_CONVERSION = YES;
				CLANG_WARN_OBJC_ROOT_CLASS = YES_ERROR;
				CLANG_WARN_RANGE_LOOP_ANALYSIS = YES;
				CLANG_WARN_STRICT_PROTOTYPES = YES;
				CLANG_WARN_SUSPICIOUS_MOVE = YES;
				CLANG_WARN_UNGUARDED_AVAILABILITY = YES_AGGRESSIVE;
				CLANG_WARN_UNREACHABLE_CODE = YES;
				CLANG_WARN__DUPLICATE_METHOD_MATCH = YES;
				COPY_PHASE_STRIP = NO;
				DEBUG_INFORMATION_FORMAT = dwarf;
				ENABLE_STRICT_OBJC_MSGSEND = YES;
				ENABLE_TESTABILITY = YES;
				GCC_C_LANGUAGE_STANDARD = gnu11;
				GCC_DYNAMIC_NO_PIC = NO;
				GCC_NO_COMMON_BLOCKS = YES;
				GCC_OPTIMIZATION_LEVEL = 0;
				GCC_PREPROCESSOR_DEFINITIONS = (
					"DEBUG=1",
					"$(inherited)",
				);
				GCC_WARN_64_TO_32_BIT_CONVERSION = YES;
				GCC_WARN_ABOUT_RETURN_TYPE = YES_ERROR;
				GCC_WARN_UNDECLARED_SELECTOR = YES;
				GCC_WARN_UNINITIALIZED_AUTOS = YES_AGGRESSIVE;
				GCC_WARN_UNUSED_FUNCTION = YES;
				GCC_WARN_UNUSED_VARIABLE = YES;
				IPHONEOS_DEPLOYMENT_TARGET = 13.2;
				MTL_ENABLE_DEBUG_INFO = INCLUDE_SOURCE;
				MTL_FAST_MATH = YES;
				ONLY_ACTIVE_ARCH = YES;
				SDKROOT = iphoneos;
				SWIFT_ACTIVE_COMPILATION_CONDITIONS = DEBUG;
				SWIFT_OPTIMIZATION_LEVEL = "-Onone";
			};
			name = Debug;
		};
		726C3B4223FF69E1004B5FEC /* Release */ = {
			isa = XCBuildConfiguration;
			buildSettings = {
				ALWAYS_SEARCH_USER_PATHS = NO;
				CLANG_ANALYZER_NONNULL = YES;
				CLANG_ANALYZER_NUMBER_OBJECT_CONVERSION = YES_AGGRESSIVE;
				CLANG_CXX_LANGUAGE_STANDARD = "gnu++14";
				CLANG_CXX_LIBRARY = "libc++";
				CLANG_ENABLE_MODULES = YES;
				CLANG_ENABLE_OBJC_ARC = YES;
				CLANG_ENABLE_OBJC_WEAK = YES;
				CLANG_WARN_BLOCK_CAPTURE_AUTORELEASING = YES;
				CLANG_WARN_BOOL_CONVERSION = YES;
				CLANG_WARN_COMMA = YES;
				CLANG_WARN_CONSTANT_CONVERSION = YES;
				CLANG_WARN_DEPRECATED_OBJC_IMPLEMENTATIONS = YES;
				CLANG_WARN_DIRECT_OBJC_ISA_USAGE = YES_ERROR;
				CLANG_WARN_DOCUMENTATION_COMMENTS = YES;
				CLANG_WARN_EMPTY_BODY = YES;
				CLANG_WARN_ENUM_CONVERSION = YES;
				CLANG_WARN_INFINITE_RECURSION = YES;
				CLANG_WARN_INT_CONVERSION = YES;
				CLANG_WARN_NON_LITERAL_NULL_CONVERSION = YES;
				CLANG_WARN_OBJC_IMPLICIT_RETAIN_SELF = YES;
				CLANG_WARN_OBJC_LITERAL_CONVERSION = YES;
				CLANG_WARN_OBJC_ROOT_CLASS = YES_ERROR;
				CLANG_WARN_RANGE_LOOP_ANALYSIS = YES;
				CLANG_WARN_STRICT_PROTOTYPES = YES;
				CLANG_WARN_SUSPICIOUS_MOVE = YES;
				CLANG_WARN_UNGUARDED_AVAILABILITY = YES_AGGRESSIVE;
				CLANG_WARN_UNREACHABLE_CODE = YES;
				CLANG_WARN__DUPLICATE_METHOD_MATCH = YES;
				COPY_PHASE_STRIP = NO;
				DEBUG_INFORMATION_FORMAT = "dwarf-with-dsym";
				ENABLE_NS_ASSERTIONS = NO;
				ENABLE_STRICT_OBJC_MSGSEND = YES;
				GCC_C_LANGUAGE_STANDARD = gnu11;
				GCC_NO_COMMON_BLOCKS = YES;
				GCC_WARN_64_TO_32_BIT_CONVERSION = YES;
				GCC_WARN_ABOUT_RETURN_TYPE = YES_ERROR;
				GCC_WARN_UNDECLARED_SELECTOR = YES;
				GCC_WARN_UNINITIALIZED_AUTOS = YES_AGGRESSIVE;
				GCC_WARN_UNUSED_FUNCTION = YES;
				GCC_WARN_UNUSED_VARIABLE = YES;
				IPHONEOS_DEPLOYMENT_TARGET = 13.2;
				MTL_ENABLE_DEBUG_INFO = NO;
				MTL_FAST_MATH = YES;
				SDKROOT = iphoneos;
				SWIFT_COMPILATION_MODE = wholemodule;
				SWIFT_OPTIMIZATION_LEVEL = "-O";
				VALIDATE_PRODUCT = YES;
			};
			name = Release;
		};
		726C3B4423FF69E1004B5FEC /* Debug */ = {
			isa = XCBuildConfiguration;
			buildSettings = {
				ASSETCATALOG_COMPILER_APPICON_NAME = AppIcon;
				CODE_SIGN_STYLE = Automatic;
				DEVELOPMENT_TEAM = 36JMR38FZL;
				INFOPLIST_FILE = ReferenceCodeProject/Info.plist;
				LD_RUNPATH_SEARCH_PATHS = (
					"$(inherited)",
					"@executable_path/Frameworks",
				);
				PRODUCT_BUNDLE_IDENTIFIER = com.ChrisGonzales.ReferenceCodeProject;
				PRODUCT_NAME = "$(TARGET_NAME)";
				SWIFT_VERSION = 5.0;
				TARGETED_DEVICE_FAMILY = "1,2";
			};
			name = Debug;
		};
		726C3B4523FF69E1004B5FEC /* Release */ = {
			isa = XCBuildConfiguration;
			buildSettings = {
				ASSETCATALOG_COMPILER_APPICON_NAME = AppIcon;
				CODE_SIGN_STYLE = Automatic;
				DEVELOPMENT_TEAM = 36JMR38FZL;
				INFOPLIST_FILE = ReferenceCodeProject/Info.plist;
				LD_RUNPATH_SEARCH_PATHS = (
					"$(inherited)",
					"@executable_path/Frameworks",
				);
				PRODUCT_BUNDLE_IDENTIFIER = com.ChrisGonzales.ReferenceCodeProject;
				PRODUCT_NAME = "$(TARGET_NAME)";
				SWIFT_VERSION = 5.0;
				TARGETED_DEVICE_FAMILY = "1,2";
			};
			name = Release;
		};
/* End XCBuildConfiguration section */

/* Begin XCConfigurationList section */
		726C3B2723FF69E0004B5FEC /* Build configuration list for PBXProject "ReferenceCodeProject" */ = {
			isa = XCConfigurationList;
			buildConfigurations = (
				726C3B4123FF69E1004B5FEC /* Debug */,
				726C3B4223FF69E1004B5FEC /* Release */,
			);
			defaultConfigurationIsVisible = 0;
			defaultConfigurationName = Release;
		};
		726C3B4323FF69E1004B5FEC /* Build configuration list for PBXNativeTarget "ReferenceCodeProject" */ = {
			isa = XCConfigurationList;
			buildConfigurations = (
				726C3B4423FF69E1004B5FEC /* Debug */,
				726C3B4523FF69E1004B5FEC /* Release */,
			);
			defaultConfigurationIsVisible = 0;
			defaultConfigurationName = Release;
		};
/* End XCConfigurationList section */

/* Begin XCVersionGroup section */
		726C3B3823FF69E0004B5FEC /* ReferenceCodeProject.xcdatamodeld */ = {
			isa = XCVersionGroup;
			children = (
				726C3B3923FF69E0004B5FEC /* ReferenceCodeProject.xcdatamodel */,
			);
			currentVersion = 726C3B3923FF69E0004B5FEC /* ReferenceCodeProject.xcdatamodel */;
			path = ReferenceCodeProject.xcdatamodeld;
			sourceTree = "<group>";
			versionGroupType = wrapper.xcdatamodel;
		};
/* End XCVersionGroup section */
	};
	rootObject = 726C3B2423FF69E0004B5FEC /* Project object */;
}
